
Microsoft Visual Studio Solution File, Format Version 12.00
# Visual Studio Version 16
VisualStudioVersion = 16.0.29728.190
MinimumVisualStudioVersion = 10.0.40219.1
Project("{FAE04EC0-301F-11D3-BF4B-00C04F79EFBC}") = "Astaroth", "Astaroth.csproj", "{3B1D0B28-4E7E-4761-ADD0-F4573647911E}"
EndProject
Project("{FAE04EC0-301F-11D3-BF4B-00C04F79EFBC}") = "Astaroth_Test", "..\Astaroth_Test\Astaroth_Test.csproj", "{A9663D7F-AB06-455A-8017-329DEE50EF2B}"
EndProject
Global
	GlobalSection(SolutionConfigurationPlatforms) = preSolution
		Debug|Any CPU = Debug|Any CPU
		Release|Any CPU = Release|Any CPU
	EndGlobalSection
	GlobalSection(ProjectConfigurationPlatforms) = postSolution
		{3B1D0B28-4E7E-4761-ADD0-F4573647911E}.Debug|Any CPU.ActiveCfg = Debug|Any CPU
		{3B1D0B28-4E7E-4761-ADD0-F4573647911E}.Debug|Any CPU.Build.0 = Debug|Any CPU
		{3B1D0B28-4E7E-4761-ADD0-F4573647911E}.Release|Any CPU.ActiveCfg = Release|Any CPU
		{3B1D0B28-4E7E-4761-ADD0-F4573647911E}.Release|Any CPU.Build.0 = Release|Any CPU
		{A9663D7F-AB06-455A-8017-329DEE50EF2B}.Debug|Any CPU.ActiveCfg = Debug|Any CPU
		{A9663D7F-AB06-455A-8017-329DEE50EF2B}.Debug|Any CPU.Build.0 = Debug|Any CPU
		{A9663D7F-AB06-455A-8017-329DEE50EF2B}.Release|Any CPU.ActiveCfg = Release|Any CPU
		{A9663D7F-AB06-455A-8017-329DEE50EF2B}.Release|Any CPU.Build.0 = Release|Any CPU
	EndGlobalSection
	GlobalSection(SolutionProperties) = preSolution
		HideSolutionNode = FALSE
	EndGlobalSection
	GlobalSection(ExtensibilityGlobals) = postSolution
		SolutionGuid = {DAA14783-CDE3-47F8-B764-AC49F228A3C4}
	EndGlobalSection
EndGlobal
